// !$*UTF8*$!
{
	archiveVersion = 1;
	classes = {
	};
	objectVersion = 46;
	objects = {

/* Begin PBXBuildFile section */
		D782814C1A42DF670063399D /* AppDelegate.h in Headers */ = {isa = PBXBuildFile; fileRef = D782813E1A42DF670063399D /* AppDelegate.h */; };
		D782814D1A42DF670063399D /* AppDelegate.m in Sources */ = {isa = PBXBuildFile; fileRef = D782813F1A42DF670063399D /* AppDelegate.m */; };
		D782814E1A42DF670063399D /* InboxViewController.h in Headers */ = {isa = PBXBuildFile; fileRef = D78281401A42DF670063399D /* InboxViewController.h */; };
		D782814F1A42DF670063399D /* InboxViewController.m in Sources */ = {isa = PBXBuildFile; fileRef = D78281411A42DF670063399D /* InboxViewController.m */; };
		D78281501A42DF670063399D /* Info.plist in Resources */ = {isa = PBXBuildFile; fileRef = D78281421A42DF670063399D /* Info.plist */; };
		D78281511A42DF670063399D /* LaunchScreen.xib in Resources */ = {isa = PBXBuildFile; fileRef = D78281431A42DF670063399D /* LaunchScreen.xib */; };
		D78281521A42DF670063399D /* MailViewController.h in Headers */ = {isa = PBXBuildFile; fileRef = D78281441A42DF670063399D /* MailViewController.h */; };
		D78281531A42DF670063399D /* MailViewController.m in Sources */ = {isa = PBXBuildFile; fileRef = D78281451A42DF670063399D /* MailViewController.m */; };
		D78281541A42DF670063399D /* main.m in Sources */ = {isa = PBXBuildFile; fileRef = D78281461A42DF670063399D /* main.m */; };
		D78281551A42DF670063399D /* Main.storyboard in Resources */ = {isa = PBXBuildFile; fileRef = D78281471A42DF670063399D /* Main.storyboard */; };
		D78281561A42DF670063399D /* OverlayPresentationController.h in Headers */ = {isa = PBXBuildFile; fileRef = D78281481A42DF670063399D /* OverlayPresentationController.h */; };
		D78281571A42DF670063399D /* OverlayPresentationController.m in Sources */ = {isa = PBXBuildFile; fileRef = D78281491A42DF670063399D /* OverlayPresentationController.m */; };
		D78281581A42DF670063399D /* OverlayTransitioner.h in Headers */ = {isa = PBXBuildFile; fileRef = D782814A1A42DF670063399D /* OverlayTransitioner.h */; };
		D78281591A42DF670063399D /* OverlayTransitioner.m in Sources */ = {isa = PBXBuildFile; fileRef = D782814B1A42DF670063399D /* OverlayTransitioner.m */; };
/* End PBXBuildFile section */

/* Begin PBXFileReference section */
		4FD2058F192ADEA80050397C /* CJTransitionsLab.app */ = {isa = PBXFileReference; explicitFileType = wrapper.application; includeInIndex = 0; path = CJTransitionsLab.app; sourceTree = BUILT_PRODUCTS_DIR; };
		D74CC6CB1A42DD360044336A /* README.md */ = {isa = PBXFileReference; fileEncoding = 4; lastKnownFileType = net.daringfireball.markdown; path = README.md; sourceTree = SOURCE_ROOT; };
		D782813E1A42DF670063399D /* AppDelegate.h */ = {isa = PBXFileReference; fileEncoding = 4; lastKnownFileType = sourcecode.c.h; name = AppDelegate.h; path = CJTransitionsLab/AppDelegate.h; sourceTree = SOURCE_ROOT; };
		D782813F1A42DF670063399D /* AppDelegate.m */ = {isa = PBXFileReference; fileEncoding = 4; lastKnownFileType = sourcecode.c.objc; name = AppDelegate.m; path = CJTransitionsLab/AppDelegate.m; sourceTree = SOURCE_ROOT; };
		D78281401A42DF670063399D /* InboxViewController.h */ = {isa = PBXFileReference; fileEncoding = 4; lastKnownFileType = sourcecode.c.h; name = InboxViewController.h; path = CJTransitionsLab/InboxViewController.h; sourceTree = SOURCE_ROOT; };
		D78281411A42DF670063399D /* InboxViewController.m */ = {isa = PBXFileReference; fileEncoding = 4; lastKnownFileType = sourcecode.c.objc; name = InboxViewController.m; path = CJTransitionsLab/InboxViewController.m; sourceTree = SOURCE_ROOT; };
		D78281421A42DF670063399D /* Info.plist */ = {isa = PBXFileReference; fileEncoding = 4; lastKnownFileType = text.plist.xml; name = Info.plist; path = CJTransitionsLab/Info.plist; sourceTree = SOURCE_ROOT; };
		D78281431A42DF670063399D /* LaunchScreen.xib */ = {isa = PBXFileReference; fileEncoding = 4; lastKnownFileType = file.xib; name = LaunchScreen.xib; path = CJTransitionsLab/LaunchScreen.xib; sourceTree = SOURCE_ROOT; };
		D78281441A42DF670063399D /* MailViewController.h */ = {isa = PBXFileReference; fileEncoding = 4; lastKnownFileType = sourcecode.c.h; name = MailViewController.h; path = CJTransitionsLab/MailViewController.h; sourceTree = SOURCE_ROOT; };
		D78281451A42DF670063399D /* MailViewController.m */ = {isa = PBXFileReference; fileEncoding = 4; lastKnownFileType = sourcecode.c.objc; name = MailViewController.m; path = CJTransitionsLab/MailViewController.m; sourceTree = SOURCE_ROOT; };
		D78281461A42DF670063399D /* main.m */ = {isa = PBXFileReference; fileEncoding = 4; lastKnownFileType = sourcecode.c.objc; name = main.m; path = CJTransitionsLab/main.m; sourceTree = SOURCE_ROOT; };
		D78281471A42DF670063399D /* Main.storyboard */ = {isa = PBXFileReference; fileEncoding = 4; lastKnownFileType = file.storyboard; name = Main.storyboard; path = CJTransitionsLab/Main.storyboard; sourceTree = SOURCE_ROOT; };
		D78281481A42DF670063399D /* OverlayPresentationController.h */ = {isa = PBXFileReference; fileEncoding = 4; lastKnownFileType = sourcecode.c.h; name = OverlayPresentationController.h; path = CJTransitionsLab/OverlayPresentationController.h; sourceTree = SOURCE_ROOT; };
		D78281491A42DF670063399D /* OverlayPresentationController.m */ = {isa = PBXFileReference; fileEncoding = 4; lastKnownFileType = sourcecode.c.objc; name = OverlayPresentationController.m; path = CJTransitionsLab/OverlayPresentationController.m; sourceTree = SOURCE_ROOT; };
		D782814A1A42DF670063399D /* OverlayTransitioner.h */ = {isa = PBXFileReference; fileEncoding = 4; lastKnownFileType = sourcecode.c.h; name = OverlayTransitioner.h; path = CJTransitionsLab/OverlayTransitioner.h; sourceTree = SOURCE_ROOT; };
		D782814B1A42DF670063399D /* OverlayTransitioner.m */ = {isa = PBXFileReference; fileEncoding = 4; lastKnownFileType = sourcecode.c.objc; name = OverlayTransitioner.m; path = CJTransitionsLab/OverlayTransitioner.m; sourceTree = SOURCE_ROOT; };
/* End PBXFileReference section */

/* Begin PBXFrameworksBuildPhase section */
		4FD2058B192ADEA80050397C /* Frameworks */ = {
			isa = PBXFrameworksBuildPhase;
			buildActionMask = 2147483647;
			files = (
			);
			runOnlyForDeploymentPostprocessing = 0;
		};
/* End PBXFrameworksBuildPhase section */

/* Begin PBXGroup section */
		4FD20585192ADEA80050397C = {
			isa = PBXGroup;
			children = (
				4FD20591192ADEA80050397C /* ModalLab */,
				4FD20590192ADEA80050397C /* Products */,
			);
			sourceTree = "<group>";
		};
		4FD20590192ADEA80050397C /* Products */ = {
			isa = PBXGroup;
			children = (
				4FD2058F192ADEA80050397C /* CJTransitionsLab.app */,
			);
			name = Products;
			sourceTree = "<group>";
		};
		4FD20591192ADEA80050397C /* ModalLab */ = {
			isa = PBXGroup;
			children = (
				D782813E1A42DF670063399D /* AppDelegate.h */,
				D782813F1A42DF670063399D /* AppDelegate.m */,
				D78281401A42DF670063399D /* InboxViewController.h */,
				D78281411A42DF670063399D /* InboxViewController.m */,
				D78281441A42DF670063399D /* MailViewController.h */,
				D78281451A42DF670063399D /* MailViewController.m */,
				D78281481A42DF670063399D /* OverlayPresentationController.h */,
				D78281491A42DF670063399D /* OverlayPresentationController.m */,
				D782814A1A42DF670063399D /* OverlayTransitioner.h */,
				D782814B1A42DF670063399D /* OverlayTransitioner.m */,
				D7F150EE1A4181D20042159F /* Storyboards */,
				4FD20592192ADEA80050397C /* Supporting Files */,
			);
			name = ModalLab;
			path = LookInside;
			sourceTree = "<group>";
		};
		4FD20592192ADEA80050397C /* Supporting Files */ = {
			isa = PBXGroup;
			children = (
				D78281421A42DF670063399D /* Info.plist */,
				D78281461A42DF670063399D /* main.m */,
				D74CC6CB1A42DD360044336A /* README.md */,
			);
			name = "Supporting Files";
			sourceTree = "<group>";
		};
		D7F150EE1A4181D20042159F /* Storyboards */ = {
			isa = PBXGroup;
			children = (
				D78281471A42DF670063399D /* Main.storyboard */,
				D78281431A42DF670063399D /* LaunchScreen.xib */,
			);
			name = Storyboards;
			sourceTree = "<group>";
		};
/* End PBXGroup section */

/* Begin PBXHeadersBuildPhase section */
		4FD2058C192ADEA80050397C /* Headers */ = {
			isa = PBXHeadersBuildPhase;
			buildActionMask = 2147483647;
			files = (
				D78281581A42DF670063399D /* OverlayTransitioner.h in Headers */,
				D78281561A42DF670063399D /* OverlayPresentationController.h in Headers */,
				D782814E1A42DF670063399D /* InboxViewController.h in Headers */,
				D78281521A42DF670063399D /* MailViewController.h in Headers */,
				D782814C1A42DF670063399D /* AppDelegate.h in Headers */,
			);
			runOnlyForDeploymentPostprocessing = 0;
		};
/* End PBXHeadersBuildPhase section */

/* Begin PBXNativeTarget section */
		4FD2058E192ADEA80050397C /* CJTransitionsLab */ = {
			isa = PBXNativeTarget;
			buildConfigurationList = 4FD205AA192ADEA90050397C /* Build configuration list for PBXNativeTarget "CJTransitionsLab" */;
			buildPhases = (
				4FD2058A192ADEA80050397C /* Sources */,
				4FD2058B192ADEA80050397C /* Frameworks */,
				4FD2058C192ADEA80050397C /* Headers */,
				4FD2058D192ADEA80050397C /* Resources */,
			);
			buildRules = (
			);
			dependencies = (
			);
			name = CJTransitionsLab;
			productName = LookInside;
			productReference = 4FD2058F192ADEA80050397C /* CJTransitionsLab.app */;
			productType = "com.apple.product-type.application";
		};
/* End PBXNativeTarget section */

/* Begin PBXProject section */
		4FD20586192ADEA80050397C /* Project object */ = {
			isa = PBXProject;
			attributes = {
				LastUpgradeCheck = 0600;
				ORGANIZATIONNAME = Demo;
			};
			buildConfigurationList = 4FD20589192ADEA80050397C /* Build configuration list for PBXProject "CJTransitionsLab" */;
			compatibilityVersion = "Xcode 3.2";
			developmentRegion = English;
			hasScannedForEncodings = 0;
			knownRegions = (
				en,
			);
			mainGroup = 4FD20585192ADEA80050397C;
			productRefGroup = 4FD20590192ADEA80050397C /* Products */;
			projectDirPath = "";
			projectRoot = "";
			targets = (
				4FD2058E192ADEA80050397C /* CJTransitionsLab */,
			);
		};
/* End PBXProject section */

/* Begin PBXResourcesBuildPhase section */
		4FD2058D192ADEA80050397C /* Resources */ = {
			isa = PBXResourcesBuildPhase;
			buildActionMask = 2147483647;
			files = (
				D78281511A42DF670063399D /* LaunchScreen.xib in Resources */,
				D78281551A42DF670063399D /* Main.storyboard in Resources */,
				D78281501A42DF670063399D /* Info.plist in Resources */,
			);
			runOnlyForDeploymentPostprocessing = 0;
		};
/* End PBXResourcesBuildPhase section */

/* Begin PBXSourcesBuildPhase section */
		4FD2058A192ADEA80050397C /* Sources */ = {
			isa = PBXSourcesBuildPhase;
			buildActionMask = 2147483647;
			files = (
				D78281541A42DF670063399D /* main.m in Sources */,
				D78281531A42DF670063399D /* MailViewController.m in Sources */,
				D78281591A42DF670063399D /* OverlayTransitioner.m in Sources */,
				D782814D1A42DF670063399D /* AppDelegate.m in Sources */,
				D782814F1A42DF670063399D /* InboxViewController.m in Sources */,
				D78281571A42DF670063399D /* OverlayPresentationController.m in Sources */,
			);
			runOnlyForDeploymentPostprocessing = 0;
		};
/* End PBXSourcesBuildPhase section */

/* Begin XCBuildConfiguration section */
		4FD205A8192ADEA90050397C /* Debug */ = {
			isa = XCBuildConfiguration;
			buildSettings = {
				ALWAYS_SEARCH_USER_PATHS = NO;
				AXLE_ENABLE_DEBUG_INFO = YES;
				CLANG_CXX_LANGUAGE_STANDARD = "gnu++0x";
				CLANG_CXX_LIBRARY = "libc++";
				CLANG_ENABLE_MODULES = YES;
				CLANG_ENABLE_OBJC_ARC = YES;
				CLANG_WARN_ASSIGN_ENUM = NO;
				CLANG_WARN_BOOL_CONVERSION = YES;
				CLANG_WARN_CONSTANT_CONVERSION = YES;
				CLANG_WARN_DIRECT_OBJC_ISA_USAGE = YES_ERROR;
				CLANG_WARN_EMPTY_BODY = YES;
				CLANG_WARN_ENUM_CONVERSION = YES;
				CLANG_WARN_INT_CONVERSION = YES;
				CLANG_WARN_OBJC_ROOT_CLASS = YES_ERROR;
				CLANG_WARN_UNREACHABLE_CODE = YES;
				CLANG_WARN__DUPLICATE_METHOD_MATCH = YES;
				"CODE_SIGN_IDENTITY[sdk=iphoneos*]" = "iPhone Developer";
				COPY_PHASE_STRIP = NO;
				ENABLE_STRICT_OBJC_MSGSEND = YES;
				GCC_C_LANGUAGE_STANDARD = gnu99;
				GCC_DYNAMIC_NO_PIC = NO;
				GCC_OPTIMIZATION_LEVEL = 0;
				GCC_PREPROCESSOR_DEFINITIONS = (
					"DEBUG=1",
					"$(inherited)",
				);
				GCC_SYMBOLS_PRIVATE_EXTERN = NO;
				GCC_WARN_64_TO_32_BIT_CONVERSION = YES;
				GCC_WARN_ABOUT_RETURN_TYPE = YES_ERROR;
				GCC_WARN_UNDECLARED_SELECTOR = YES;
				GCC_WARN_UNINITIALIZED_AUTOS = YES_AGGRESSIVE;
				GCC_WARN_UNUSED_FUNCTION = YES;
				GCC_WARN_UNUSED_VARIABLE = YES;
				IPHONEOS_DEPLOYMENT_TARGET = 8.0;
				ONLY_ACTIVE_ARCH = YES;
				SDKROOT = iphoneos;
				TARGETED_DEVICE_FAMILY = "1,2";
			};
			name = Debug;
		};
		4FD205A9192ADEA90050397C /* Release */ = {
			isa = XCBuildConfiguration;
			buildSettings = {
				ALWAYS_SEARCH_USER_PATHS = NO;
				AXLE_ENABLE_DEBUG_INFO = NO;
				CLANG_CXX_LANGUAGE_STANDARD = "gnu++0x";
				CLANG_CXX_LIBRARY = "libc++";
				CLANG_ENABLE_MODULES = YES;
				CLANG_ENABLE_OBJC_ARC = YES;
				CLANG_WARN_ASSIGN_ENUM = NO;
				CLANG_WARN_BOOL_CONVERSION = YES;
				CLANG_WARN_CONSTANT_CONVERSION = YES;
				CLANG_WARN_DIRECT_OBJC_ISA_USAGE = YES_ERROR;
				CLANG_WARN_EMPTY_BODY = YES;
				CLANG_WARN_ENUM_CONVERSION = YES;
				CLANG_WARN_INT_CONVERSION = YES;
				CLANG_WARN_OBJC_ROOT_CLASS = YES_ERROR;
				CLANG_WARN_UNREACHABLE_CODE = YES;
				CLANG_WARN__DUPLICATE_METHOD_MATCH = YES;
				"CODE_SIGN_IDENTITY[sdk=iphoneos*]" = "iPhone Developer";
				COPY_PHASE_STRIP = YES;
				ENABLE_NS_ASSERTIONS = NO;
				ENABLE_STRICT_OBJC_MSGSEND = YES;
				GCC_C_LANGUAGE_STANDARD = gnu99;
				GCC_WARN_64_TO_32_BIT_CONVERSION = YES;
				GCC_WARN_ABOUT_RETURN_TYPE = YES_ERROR;
				GCC_WARN_UNDECLARED_SELECTOR = YES;
				GCC_WARN_UNINITIALIZED_AUTOS = YES_AGGRESSIVE;
				GCC_WARN_UNUSED_FUNCTION = YES;
				GCC_WARN_UNUSED_VARIABLE = YES;
				IPHONEOS_DEPLOYMENT_TARGET = 8.0;
				SDKROOT = iphoneos;
				TARGETED_DEVICE_FAMILY = "1,2";
				VALIDATE_PRODUCT = YES;
			};
			name = Release;
		};
		4FD205AB192ADEA90050397C /* Debug */ = {
			isa = XCBuildConfiguration;
			buildSettings = {
				INFOPLIST_FILE = CJTransitionsLab/Info.plist;
				LD_RUNPATH_SEARCH_PATHS = "$(inherited) @executable_path/Frameworks";
				PRODUCT_NAME = CJTransitionsLab;
			};
			name = Debug;
		};
		4FD205AC192ADEA90050397C /* Release */ = {
			isa = XCBuildConfiguration;
			buildSettings = {
				INFOPLIST_FILE = CJTransitionsLab/Info.plist;
				LD_RUNPATH_SEARCH_PATHS = "$(inherited) @executable_path/Frameworks";
				PRODUCT_NAME = CJTransitionsLab;
			};
			name = Release;
		};
/* End XCBuildConfiguration section */

/* Begin XCConfigurationList section */
		4FD20589192ADEA80050397C /* Build configuration list for PBXProject "CJTransitionsLab" */ = {
			isa = XCConfigurationList;
			buildConfigurations = (
				4FD205A8192ADEA90050397C /* Debug */,
				4FD205A9192ADEA90050397C /* Release */,
			);
			defaultConfigurationIsVisible = 0;
			defaultConfigurationName = Release;
		};
		4FD205AA192ADEA90050397C /* Build configuration list for PBXNativeTarget "CJTransitionsLab" */ = {
			isa = XCConfigurationList;
			buildConfigurations = (
				4FD205AB192ADEA90050397C /* Debug */,
				4FD205AC192ADEA90050397C /* Release */,
			);
			defaultConfigurationIsVisible = 0;
			defaultConfigurationName = Release;
		};
/* End XCConfigurationList section */
	};
	rootObject = 4FD20586192ADEA80050397C /* Project object */;
}
